
Microsoft Visual Studio Solution File, Format Version 12.00
Project("{FAE04EC0-301F-11D3-BF4B-00C04F79EFBC}") = "Hsp.Midi", "..\Hsp.Midi\Hsp.Midi\Hsp.Midi.csproj", "{BE99ED14-05EF-4EA1-A8E8-AA10F7B6A5C3}"
EndProject
Project("{FAE04EC0-301F-11D3-BF4B-00C04F79EFBC}") = "Mipe.Core", "Mipe.Core\Mipe.Core.csproj", "{440CFA7B-0153-45ED-828A-1BF5936ED851}"
EndProject
Project("{FAE04EC0-301F-11D3-BF4B-00C04F79EFBC}") = "Mipe.Core.Tests", "Mipe.Core.Tests\Mipe.Core.Tests.csproj", "{4A9B39C3-B72C-4208-8CD5-B7ABB32FE17C}"
EndProject
Project("{FAE04EC0-301F-11D3-BF4B-00C04F79EFBC}") = "Mipe.Service", "Mipe.Service\Mipe.Service.csproj", "{D9B3E2EF-2CAB-4C09-B4AB-5A9E69E021B9}"
EndProject
Global
	GlobalSection(SolutionConfigurationPlatforms) = preSolution
		Debug|Any CPU = Debug|Any CPU
		Release|Any CPU = Release|Any CPU
	EndGlobalSection
	GlobalSection(ProjectConfigurationPlatforms) = postSolution
		{BE99ED14-05EF-4EA1-A8E8-AA10F7B6A5C3}.Debug|Any CPU.ActiveCfg = Debug|Any CPU
		{BE99ED14-05EF-4EA1-A8E8-AA10F7B6A5C3}.Debug|Any CPU.Build.0 = Debug|Any CPU
		{BE99ED14-05EF-4EA1-A8E8-AA10F7B6A5C3}.Release|Any CPU.ActiveCfg = Release|Any CPU
		{BE99ED14-05EF-4EA1-A8E8-AA10F7B6A5C3}.Release|Any CPU.Build.0 = Release|Any CPU
		{440CFA7B-0153-45ED-828A-1BF5936ED851}.Debug|Any CPU.ActiveCfg = Debug|Any CPU
		{440CFA7B-0153-45ED-828A-1BF5936ED851}.Debug|Any CPU.Build.0 = Debug|Any CPU
		{440CFA7B-0153-45ED-828A-1BF5936ED851}.Release|Any CPU.ActiveCfg = Release|Any CPU
		{440CFA7B-0153-45ED-828A-1BF5936ED851}.Release|Any CPU.Build.0 = Release|Any CPU
		{4A9B39C3-B72C-4208-8CD5-B7ABB32FE17C}.Debug|Any CPU.ActiveCfg = Debug|Any CPU
		{4A9B39C3-B72C-4208-8CD5-B7ABB32FE17C}.Debug|Any CPU.Build.0 = Debug|Any CPU
		{4A9B39C3-B72C-4208-8CD5-B7ABB32FE17C}.Release|Any CPU.ActiveCfg = Release|Any CPU
		{4A9B39C3-B72C-4208-8CD5-B7ABB32FE17C}.Release|Any CPU.Build.0 = Release|Any CPU
		{D9B3E2EF-2CAB-4C09-B4AB-5A9E69E021B9}.Debug|Any CPU.ActiveCfg = Debug|Any CPU
		{D9B3E2EF-2CAB-4C09-B4AB-5A9E69E021B9}.Debug|Any CPU.Build.0 = Debug|Any CPU
		{D9B3E2EF-2CAB-4C09-B4AB-5A9E69E021B9}.Release|Any CPU.ActiveCfg = Release|Any CPU
		{D9B3E2EF-2CAB-4C09-B4AB-5A9E69E021B9}.Release|Any CPU.Build.0 = Release|Any CPU
	EndGlobalSection
EndGlobal
